
Microsoft Visual Studio Solution File, Format Version 12.00
# Visual Studio Version 17
VisualStudioVersion = 17.12.35527.113 d17.12
MinimumVisualStudioVersion = 10.0.40219.1
Project("{FAE04EC0-301F-11D3-BF4B-00C04F79EFBC}") = "Game", "Game\Game.csproj", "{7B052B27-D481-4092-90F4-7A47E9A6C9EE}"
EndProject
Project("{FAE04EC0-301F-11D3-BF4B-00C04F79EFBC}") = "Game.Desktop", "Game.Desktop\Game.Desktop.csproj", "{077AD3E9-0CF2-4764-848E-35CCA8E60926}"
EndProject
Global
	GlobalSection(SolutionConfigurationPlatforms) = preSolution
		Debug|Any CPU = Debug|Any CPU
		Release|Any CPU = Release|Any CPU
	EndGlobalSection
	GlobalSection(ProjectConfigurationPlatforms) = postSolution
		{7B052B27-D481-4092-90F4-7A47E9A6C9EE}.Debug|Any CPU.ActiveCfg = Debug|Any CPU
		{7B052B27-D481-4092-90F4-7A47E9A6C9EE}.Debug|Any CPU.Build.0 = Debug|Any CPU
		{7B052B27-D481-4092-90F4-7A47E9A6C9EE}.Release|Any CPU.ActiveCfg = Release|Any CPU
		{7B052B27-D481-4092-90F4-7A47E9A6C9EE}.Release|Any CPU.Build.0 = Release|Any CPU
		{077AD3E9-0CF2-4764-848E-35CCA8E60926}.Debug|Any CPU.ActiveCfg = Debug|Any CPU
		{077AD3E9-0CF2-4764-848E-35CCA8E60926}.Debug|Any CPU.Build.0 = Debug|Any CPU
		{077AD3E9-0CF2-4764-848E-35CCA8E60926}.Release|Any CPU.ActiveCfg = Release|Any CPU
		{077AD3E9-0CF2-4764-848E-35CCA8E60926}.Release|Any CPU.Build.0 = Release|Any CPU
	EndGlobalSection
	GlobalSection(SolutionProperties) = preSolution
		HideSolutionNode = FALSE
	EndGlobalSection
EndGlobal
